
Microsoft Visual Studio Solution File, Format Version 12.00
# Visual Studio Version 17
VisualStudioVersion = 17.12.35506.116
MinimumVisualStudioVersion = 10.0.40219.1
Project("{2150E333-8FDC-42A3-9474-1A3956D46DE8}") = "Libraries", "Libraries", "{6F878848-B32E-4CB5-A626-1D3A37BB26B6}"
EndProject
Project("{2150E333-8FDC-42A3-9474-1A3956D46DE8}") = "Applications", "Applications", "{23952B0F-556F-489B-B42F-17D6F7CA346B}"
EndProject
Project("{FAE04EC0-301F-11D3-BF4B-00C04F79EFBC}") = "ZL.CS", "Libraries\ZL.CS\ZL.CS.csproj", "{A5F83F85-2AFA-4DB8-AE0F-35E5E1B037A4}"
EndProject
Project("{FAE04EC0-301F-11D3-BF4B-00C04F79EFBC}") = "ZL.CS.FW", "Libraries\ZL.CS.FW\ZL.CS.FW.csproj", "{8AC11221-1F73-41B6-B742-145F66E46F22}"
EndProject
Project("{FAE04EC0-301F-11D3-BF4B-00C04F79EFBC}") = "ZL.CS.FW.Demo", "Applications\ZL.CS.FW.Demo\ZL.CS.FW.Demo\ZL.CS.FW.Demo.csproj", "{14EEB949-B59F-451B-B363-B2EC79DBA822}"
EndProject
Project("{FAE04EC0-301F-11D3-BF4B-00C04F79EFBC}") = "ZL.CS.ANSIDemo", "Applications\ZL.CS.ANSIDemo\ZL.CS.ANSIDemo.csproj", "{5B6938D4-5895-480D-BD8C-72318375B761}"
EndProject
Global
	GlobalSection(SolutionConfigurationPlatforms) = preSolution
		Debug|Any CPU = Debug|Any CPU
		Release|Any CPU = Release|Any CPU
	EndGlobalSection
	GlobalSection(ProjectConfigurationPlatforms) = postSolution
		{A5F83F85-2AFA-4DB8-AE0F-35E5E1B037A4}.Debug|Any CPU.ActiveCfg = Debug|Any CPU
		{A5F83F85-2AFA-4DB8-AE0F-35E5E1B037A4}.Debug|Any CPU.Build.0 = Debug|Any CPU
		{A5F83F85-2AFA-4DB8-AE0F-35E5E1B037A4}.Release|Any CPU.ActiveCfg = Release|Any CPU
		{A5F83F85-2AFA-4DB8-AE0F-35E5E1B037A4}.Release|Any CPU.Build.0 = Release|Any CPU
		{8AC11221-1F73-41B6-B742-145F66E46F22}.Debug|Any CPU.ActiveCfg = Debug|Any CPU
		{8AC11221-1F73-41B6-B742-145F66E46F22}.Debug|Any CPU.Build.0 = Debug|Any CPU
		{8AC11221-1F73-41B6-B742-145F66E46F22}.Release|Any CPU.ActiveCfg = Release|Any CPU
		{8AC11221-1F73-41B6-B742-145F66E46F22}.Release|Any CPU.Build.0 = Release|Any CPU
		{14EEB949-B59F-451B-B363-B2EC79DBA822}.Debug|Any CPU.ActiveCfg = Debug|Any CPU
		{14EEB949-B59F-451B-B363-B2EC79DBA822}.Debug|Any CPU.Build.0 = Debug|Any CPU
		{14EEB949-B59F-451B-B363-B2EC79DBA822}.Release|Any CPU.ActiveCfg = Release|Any CPU
		{14EEB949-B59F-451B-B363-B2EC79DBA822}.Release|Any CPU.Build.0 = Release|Any CPU
		{5B6938D4-5895-480D-BD8C-72318375B761}.Debug|Any CPU.ActiveCfg = Debug|Any CPU
		{5B6938D4-5895-480D-BD8C-72318375B761}.Debug|Any CPU.Build.0 = Debug|Any CPU
		{5B6938D4-5895-480D-BD8C-72318375B761}.Release|Any CPU.ActiveCfg = Release|Any CPU
		{5B6938D4-5895-480D-BD8C-72318375B761}.Release|Any CPU.Build.0 = Release|Any CPU
	EndGlobalSection
	GlobalSection(SolutionProperties) = preSolution
		HideSolutionNode = FALSE
	EndGlobalSection
	GlobalSection(NestedProjects) = preSolution
		{A5F83F85-2AFA-4DB8-AE0F-35E5E1B037A4} = {6F878848-B32E-4CB5-A626-1D3A37BB26B6}
		{8AC11221-1F73-41B6-B742-145F66E46F22} = {6F878848-B32E-4CB5-A626-1D3A37BB26B6}
		{14EEB949-B59F-451B-B363-B2EC79DBA822} = {23952B0F-556F-489B-B42F-17D6F7CA346B}
		{5B6938D4-5895-480D-BD8C-72318375B761} = {23952B0F-556F-489B-B42F-17D6F7CA346B}
	EndGlobalSection
EndGlobal
